// !$*UTF8*$!
{
	archiveVersion = 1;
	classes = {
	};
	objectVersion = 51;
	objects = {

/* Begin PBXBuildFile section */
		1960D2C02304F93F00A04E86 /* ACAppDelegate.m in Sources */ = {isa = PBXBuildFile; fileRef = 1960D2BF2304F93F00A04E86 /* ACAppDelegate.m */; };
		1960D2C32304F93F00A04E86 /* ACViewController.m in Sources */ = {isa = PBXBuildFile; fileRef = 1960D2C22304F93F00A04E86 /* ACViewController.m */; };
		1960D2C62304F93F00A04E86 /* Main.storyboard in Resources */ = {isa = PBXBuildFile; fileRef = 1960D2C42304F93F00A04E86 /* Main.storyboard */; };
		1960D2C82304F94F00A04E86 /* Assets.xcassets in Resources */ = {isa = PBXBuildFile; fileRef = 1960D2C72304F94F00A04E86 /* Assets.xcassets */; };
		1960D2CB2304F94F00A04E86 /* LaunchScreen.storyboard in Resources */ = {isa = PBXBuildFile; fileRef = 1960D2C92304F94F00A04E86 /* LaunchScreen.storyboard */; };
		1960D2CE2304F94F00A04E86 /* main.m in Sources */ = {isa = PBXBuildFile; fileRef = 1960D2CD2304F94F00A04E86 /* main.m */; };
		1960D2D82304F9B800A04E86 /* STOMPWebsocketKit.m in Sources */ = {isa = PBXBuildFile; fileRef = 1960D2D62304F9B800A04E86 /* STOMPWebsocketKit.m */; };
		2C6587F26CDD79308F10C346 /* Pods_STOMPWebsocketKit.framework in Frameworks */ = {isa = PBXBuildFile; fileRef = 2233C4EF9CA5D5815AAA7927 /* Pods_STOMPWebsocketKit.framework */; };
/* End PBXBuildFile section */

/* Begin PBXFileReference section */
		1960D2BB2304F93F00A04E86 /* STOMPWebsocketKit.app */ = {isa = PBXFileReference; explicitFileType = wrapper.application; includeInIndex = 0; path = STOMPWebsocketKit.app; sourceTree = BUILT_PRODUCTS_DIR; };
		1960D2BE2304F93F00A04E86 /* ACAppDelegate.h */ = {isa = PBXFileReference; lastKnownFileType = sourcecode.c.h; path = ACAppDelegate.h; sourceTree = "<group>"; };
		1960D2BF2304F93F00A04E86 /* ACAppDelegate.m */ = {isa = PBXFileReference; lastKnownFileType = sourcecode.c.objc; path = ACAppDelegate.m; sourceTree = "<group>"; };
		1960D2C12304F93F00A04E86 /* ACViewController.h */ = {isa = PBXFileReference; lastKnownFileType = sourcecode.c.h; path = ACViewController.h; sourceTree = "<group>"; };
		1960D2C22304F93F00A04E86 /* ACViewController.m */ = {isa = PBXFileReference; lastKnownFileType = sourcecode.c.objc; path = ACViewController.m; sourceTree = "<group>"; };
		1960D2C52304F93F00A04E86 /* Base */ = {isa = PBXFileReference; lastKnownFileType = file.storyboard; name = Base; path = Base.lproj/Main.storyboard; sourceTree = "<group>"; };
		1960D2C72304F94F00A04E86 /* Assets.xcassets */ = {isa = PBXFileReference; lastKnownFileType = folder.assetcatalog; path = Assets.xcassets; sourceTree = "<group>"; };
		1960D2CA2304F94F00A04E86 /* Base */ = {isa = PBXFileReference; lastKnownFileType = file.storyboard; name = Base; path = Base.lproj/LaunchScreen.storyboard; sourceTree = "<group>"; };
		1960D2CC2304F94F00A04E86 /* Info.plist */ = {isa = PBXFileReference; lastKnownFileType = text.plist.xml; path = Info.plist; sourceTree = "<group>"; };
		1960D2CD2304F94F00A04E86 /* main.m */ = {isa = PBXFileReference; lastKnownFileType = sourcecode.c.objc; path = main.m; sourceTree = "<group>"; };
		1960D2D62304F9B800A04E86 /* STOMPWebsocketKit.m */ = {isa = PBXFileReference; fileEncoding = 4; lastKnownFileType = sourcecode.c.objc; path = STOMPWebsocketKit.m; sourceTree = "<group>"; };
		1960D2D72304F9B800A04E86 /* STOMPWebsocketKit.h */ = {isa = PBXFileReference; fileEncoding = 4; lastKnownFileType = sourcecode.c.h; path = STOMPWebsocketKit.h; sourceTree = "<group>"; };
		196F83342304FB7F0060D8FD /* ACPrefixHeader.h */ = {isa = PBXFileReference; lastKnownFileType = sourcecode.c.h; path = ACPrefixHeader.h; sourceTree = "<group>"; };
		196F83352304FC7C0060D8FD /* STOMPHeader.h */ = {isa = PBXFileReference; lastKnownFileType = sourcecode.c.h; path = STOMPHeader.h; sourceTree = "<group>"; };
		2233C4EF9CA5D5815AAA7927 /* Pods_STOMPWebsocketKit.framework */ = {isa = PBXFileReference; explicitFileType = wrapper.framework; includeInIndex = 0; path = Pods_STOMPWebsocketKit.framework; sourceTree = BUILT_PRODUCTS_DIR; };
		39830BDDD09BAA0D59F40648 /* Pods-STOMPWebsocketKit.debug.xcconfig */ = {isa = PBXFileReference; includeInIndex = 1; lastKnownFileType = text.xcconfig; name = "Pods-STOMPWebsocketKit.debug.xcconfig"; path = "Target Support Files/Pods-STOMPWebsocketKit/Pods-STOMPWebsocketKit.debug.xcconfig"; sourceTree = "<group>"; };
		4B978D1E6287CFEA13692A73 /* Pods-STOMPWebsocketKit.release.xcconfig */ = {isa = PBXFileReference; includeInIndex = 1; lastKnownFileType = text.xcconfig; name = "Pods-STOMPWebsocketKit.release.xcconfig"; path = "Target Support Files/Pods-STOMPWebsocketKit/Pods-STOMPWebsocketKit.release.xcconfig"; sourceTree = "<group>"; };
/* End PBXFileReference section */

/* Begin PBXFrameworksBuildPhase section */
		1960D2B82304F93F00A04E86 /* Frameworks */ = {
			isa = PBXFrameworksBuildPhase;
			buildActionMask = 2147483647;
			files = (
				2C6587F26CDD79308F10C346 /* Pods_STOMPWebsocketKit.framework in Frameworks */,
			);
			runOnlyForDeploymentPostprocessing = 0;
		};
/* End PBXFrameworksBuildPhase section */

/* Begin PBXGroup section */
		1960D2B22304F93F00A04E86 = {
			isa = PBXGroup;
			children = (
				1960D2BD2304F93F00A04E86 /* STOMPWebsocketKit */,
				1960D2BC2304F93F00A04E86 /* Products */,
				E58B240DBA61F1D237B85954 /* Pods */,
				B1A6FBD5F4330918D29C8971 /* Frameworks */,
			);
			sourceTree = "<group>";
		};
		1960D2BC2304F93F00A04E86 /* Products */ = {
			isa = PBXGroup;
			children = (
				1960D2BB2304F93F00A04E86 /* STOMPWebsocketKit.app */,
			);
			name = Products;
			sourceTree = "<group>";
		};
		1960D2BD2304F93F00A04E86 /* STOMPWebsocketKit */ = {
			isa = PBXGroup;
			children = (
				1960D2D52304F99200A04E86 /* STOMPKit */,
				1960D2D42304F96A00A04E86 /* Info */,
			);
			path = STOMPWebsocketKit;
			sourceTree = "<group>";
		};
		1960D2D42304F96A00A04E86 /* Info */ = {
			isa = PBXGroup;
			children = (
				1960D2BE2304F93F00A04E86 /* ACAppDelegate.h */,
				1960D2BF2304F93F00A04E86 /* ACAppDelegate.m */,
				1960D2C12304F93F00A04E86 /* ACViewController.h */,
				1960D2C22304F93F00A04E86 /* ACViewController.m */,
				1960D2C42304F93F00A04E86 /* Main.storyboard */,
				1960D2C72304F94F00A04E86 /* Assets.xcassets */,
				1960D2C92304F94F00A04E86 /* LaunchScreen.storyboard */,
				1960D2CC2304F94F00A04E86 /* Info.plist */,
				196F83342304FB7F0060D8FD /* ACPrefixHeader.h */,
				1960D2CD2304F94F00A04E86 /* main.m */,
			);
			path = Info;
			sourceTree = "<group>";
		};
		1960D2D52304F99200A04E86 /* STOMPKit */ = {
			isa = PBXGroup;
			children = (
				1960D2D72304F9B800A04E86 /* STOMPWebsocketKit.h */,
				1960D2D62304F9B800A04E86 /* STOMPWebsocketKit.m */,
				196F83352304FC7C0060D8FD /* STOMPHeader.h */,
			);
			path = STOMPKit;
			sourceTree = "<group>";
		};
		B1A6FBD5F4330918D29C8971 /* Frameworks */ = {
			isa = PBXGroup;
			children = (
				2233C4EF9CA5D5815AAA7927 /* Pods_STOMPWebsocketKit.framework */,
			);
			name = Frameworks;
			sourceTree = "<group>";
		};
		E58B240DBA61F1D237B85954 /* Pods */ = {
			isa = PBXGroup;
			children = (
				39830BDDD09BAA0D59F40648 /* Pods-STOMPWebsocketKit.debug.xcconfig */,
				4B978D1E6287CFEA13692A73 /* Pods-STOMPWebsocketKit.release.xcconfig */,
			);
			path = Pods;
			sourceTree = "<group>";
		};
/* End PBXGroup section */

/* Begin PBXNativeTarget section */
		1960D2BA2304F93F00A04E86 /* STOMPWebsocketKit */ = {
			isa = PBXNativeTarget;
			buildConfigurationList = 1960D2D12304F94F00A04E86 /* Build configuration list for PBXNativeTarget "STOMPWebsocketKit" */;
			buildPhases = (
				97BA95E0AA1609D95C6EB7A5 /* [CP] Check Pods Manifest.lock */,
				1960D2B72304F93F00A04E86 /* Sources */,
				1960D2B82304F93F00A04E86 /* Frameworks */,
				1960D2B92304F93F00A04E86 /* Resources */,
				4411355B353225AD98CDE940 /* [CP] Embed Pods Frameworks */,
			);
			buildRules = (
			);
			dependencies = (
			);
			name = STOMPWebsocketKit;
			productName = STOMPWebsocketKit;
			productReference = 1960D2BB2304F93F00A04E86 /* STOMPWebsocketKit.app */;
			productType = "com.apple.product-type.application";
		};
/* End PBXNativeTarget section */

/* Begin PBXProject section */
		1960D2B32304F93F00A04E86 /* Project object */ = {
			isa = PBXProject;
			attributes = {
				LastUpgradeCheck = 1010;
				ORGANIZATIONNAME = AlexCorleone;
				TargetAttributes = {
					1960D2BA2304F93F00A04E86 = {
						CreatedOnToolsVersion = 10.1;
					};
				};
			};
			buildConfigurationList = 1960D2B62304F93F00A04E86 /* Build configuration list for PBXProject "STOMPWebsocketKit" */;
			compatibilityVersion = "Xcode 9.3";
			developmentRegion = en;
			hasScannedForEncodings = 0;
			knownRegions = (
				en,
				Base,
			);
			mainGroup = 1960D2B22304F93F00A04E86;
			productRefGroup = 1960D2BC2304F93F00A04E86 /* Products */;
			projectDirPath = "";
			projectRoot = "";
			targets = (
				1960D2BA2304F93F00A04E86 /* STOMPWebsocketKit */,
			);
		};
/* End PBXProject section */

/* Begin PBXResourcesBuildPhase section */
		1960D2B92304F93F00A04E86 /* Resources */ = {
			isa = PBXResourcesBuildPhase;
			buildActionMask = 2147483647;
			files = (
				1960D2CB2304F94F00A04E86 /* LaunchScreen.storyboard in Resources */,
				1960D2C82304F94F00A04E86 /* Assets.xcassets in Resources */,
				1960D2C62304F93F00A04E86 /* Main.storyboard in Resources */,
			);
			runOnlyForDeploymentPostprocessing = 0;
		};
/* End PBXResourcesBuildPhase section */

/* Begin PBXShellScriptBuildPhase section */
		4411355B353225AD98CDE940 /* [CP] Embed Pods Frameworks */ = {
			isa = PBXShellScriptBuildPhase;
			buildActionMask = 2147483647;
			files = (
			);
			inputFileListPaths = (
				"${PODS_ROOT}/Target Support Files/Pods-STOMPWebsocketKit/Pods-STOMPWebsocketKit-frameworks-${CONFIGURATION}-input-files.xcfilelist",
			);
			name = "[CP] Embed Pods Frameworks";
			outputFileListPaths = (
				"${PODS_ROOT}/Target Support Files/Pods-STOMPWebsocketKit/Pods-STOMPWebsocketKit-frameworks-${CONFIGURATION}-output-files.xcfilelist",
			);
			runOnlyForDeploymentPostprocessing = 0;
			shellPath = /bin/sh;
			shellScript = "\"${PODS_ROOT}/Target Support Files/Pods-STOMPWebsocketKit/Pods-STOMPWebsocketKit-frameworks.sh\"\n";
			showEnvVarsInLog = 0;
		};
		97BA95E0AA1609D95C6EB7A5 /* [CP] Check Pods Manifest.lock */ = {
			isa = PBXShellScriptBuildPhase;
			buildActionMask = 2147483647;
			files = (
			);
			inputFileListPaths = (
			);
			inputPaths = (
				"${PODS_PODFILE_DIR_PATH}/Podfile.lock",
				"${PODS_ROOT}/Manifest.lock",
			);
			name = "[CP] Check Pods Manifest.lock";
			outputFileListPaths = (
			);
			outputPaths = (
				"$(DERIVED_FILE_DIR)/Pods-STOMPWebsocketKit-checkManifestLockResult.txt",
			);
			runOnlyForDeploymentPostprocessing = 0;
			shellPath = /bin/sh;
			shellScript = "diff \"${PODS_PODFILE_DIR_PATH}/Podfile.lock\" \"${PODS_ROOT}/Manifest.lock\" > /dev/null\nif [ $? != 0 ] ; then\n    # print error to STDERR\n    echo \"error: The sandbox is not in sync with the Podfile.lock. Run 'pod install' or update your CocoaPods installation.\" >&2\n    exit 1\nfi\n# This output is used by Xcode 'outputs' to avoid re-running this script phase.\necho \"SUCCESS\" > \"${SCRIPT_OUTPUT_FILE_0}\"\n";
			showEnvVarsInLog = 0;
		};
/* End PBXShellScriptBuildPhase section */

/* Begin PBXSourcesBuildPhase section */
		1960D2B72304F93F00A04E86 /* Sources */ = {
			isa = PBXSourcesBuildPhase;
			buildActionMask = 2147483647;
			files = (
				1960D2D82304F9B800A04E86 /* STOMPWebsocketKit.m in Sources */,
				1960D2C32304F93F00A04E86 /* ACViewController.m in Sources */,
				1960D2CE2304F94F00A04E86 /* main.m in Sources */,
				1960D2C02304F93F00A04E86 /* ACAppDelegate.m in Sources */,
			);
			runOnlyForDeploymentPostprocessing = 0;
		};
/* End PBXSourcesBuildPhase section */

/* Begin PBXVariantGroup section */
		1960D2C42304F93F00A04E86 /* Main.storyboard */ = {
			isa = PBXVariantGroup;
			children = (
				1960D2C52304F93F00A04E86 /* Base */,
			);
			name = Main.storyboard;
			sourceTree = "<group>";
		};
		1960D2C92304F94F00A04E86 /* LaunchScreen.storyboard */ = {
			isa = PBXVariantGroup;
			children = (
				1960D2CA2304F94F00A04E86 /* Base */,
			);
			name = LaunchScreen.storyboard;
			sourceTree = "<group>";
		};
/* End PBXVariantGroup section */

/* Begin XCBuildConfiguration section */
		1960D2CF2304F94F00A04E86 /* Debug */ = {
			isa = XCBuildConfiguration;
			buildSettings = {
				ALWAYS_SEARCH_USER_PATHS = NO;
				CLANG_ANALYZER_NONNULL = YES;
				CLANG_ANALYZER_NUMBER_OBJECT_CONVERSION = YES_AGGRESSIVE;
				CLANG_CXX_LANGUAGE_STANDARD = "gnu++14";
				CLANG_CXX_LIBRARY = "libc++";
				CLANG_ENABLE_MODULES = YES;
				CLANG_ENABLE_OBJC_ARC = YES;
				CLANG_ENABLE_OBJC_WEAK = YES;
				CLANG_WARN_BLOCK_CAPTURE_AUTORELEASING = YES;
				CLANG_WARN_BOOL_CONVERSION = YES;
				CLANG_WARN_COMMA = YES;
				CLANG_WARN_CONSTANT_CONVERSION = YES;
				CLANG_WARN_DEPRECATED_OBJC_IMPLEMENTATIONS = YES;
				CLANG_WARN_DIRECT_OBJC_ISA_USAGE = YES_ERROR;
				CLANG_WARN_DOCUMENTATION_COMMENTS = YES;
				CLANG_WARN_EMPTY_BODY = YES;
				CLANG_WARN_ENUM_CONVERSION = YES;
				CLANG_WARN_INFINITE_RECURSION = YES;
				CLANG_WARN_INT_CONVERSION = YES;
				CLANG_WARN_NON_LITERAL_NULL_CONVERSION = YES;
				CLANG_WARN_OBJC_IMPLICIT_RETAIN_SELF = YES;
				CLANG_WARN_OBJC_LITERAL_CONVERSION = YES;
				CLANG_WARN_OBJC_ROOT_CLASS = YES_ERROR;
				CLANG_WARN_RANGE_LOOP_ANALYSIS = YES;
				CLANG_WARN_STRICT_PROTOTYPES = YES;
				CLANG_WARN_SUSPICIOUS_MOVE = YES;
				CLANG_WARN_UNGUARDED_AVAILABILITY = YES_AGGRESSIVE;
				CLANG_WARN_UNREACHABLE_CODE = YES;
				CLANG_WARN__DUPLICATE_METHOD_MATCH = YES;
				CODE_SIGN_IDENTITY = "iPhone Developer";
				COPY_PHASE_STRIP = NO;
				DEBUG_INFORMATION_FORMAT = dwarf;
				ENABLE_STRICT_OBJC_MSGSEND = YES;
				ENABLE_TESTABILITY = YES;
				GCC_C_LANGUAGE_STANDARD = gnu11;
				GCC_DYNAMIC_NO_PIC = NO;
				GCC_NO_COMMON_BLOCKS = YES;
				GCC_OPTIMIZATION_LEVEL = 0;
				GCC_PREPROCESSOR_DEFINITIONS = (
					"DEBUG=1",
					"$(inherited)",
				);
				GCC_WARN_64_TO_32_BIT_CONVERSION = YES;
				GCC_WARN_ABOUT_RETURN_TYPE = YES_ERROR;
				GCC_WARN_UNDECLARED_SELECTOR = YES;
				GCC_WARN_UNINITIALIZED_AUTOS = YES_AGGRESSIVE;
				GCC_WARN_UNUSED_FUNCTION = YES;
				GCC_WARN_UNUSED_VARIABLE = YES;
				IPHONEOS_DEPLOYMENT_TARGET = 12.1;
				MTL_ENABLE_DEBUG_INFO = INCLUDE_SOURCE;
				MTL_FAST_MATH = YES;
				ONLY_ACTIVE_ARCH = YES;
				SDKROOT = iphoneos;
			};
			name = Debug;
		};
		1960D2D02304F94F00A04E86 /* Release */ = {
			isa = XCBuildConfiguration;
			buildSettings = {
				ALWAYS_SEARCH_USER_PATHS = NO;
				CLANG_ANALYZER_NONNULL = YES;
				CLANG_ANALYZER_NUMBER_OBJECT_CONVERSION = YES_AGGRESSIVE;
				CLANG_CXX_LANGUAGE_STANDARD = "gnu++14";
				CLANG_CXX_LIBRARY = "libc++";
				CLANG_ENABLE_MODULES = YES;
				CLANG_ENABLE_OBJC_ARC = YES;
				CLANG_ENABLE_OBJC_WEAK = YES;
				CLANG_WARN_BLOCK_CAPTURE_AUTORELEASING = YES;
				CLANG_WARN_BOOL_CONVERSION = YES;
				CLANG_WARN_COMMA = YES;
				CLANG_WARN_CONSTANT_CONVERSION = YES;
				CLANG_WARN_DEPRECATED_OBJC_IMPLEMENTATIONS = YES;
				CLANG_WARN_DIRECT_OBJC_ISA_USAGE = YES_ERROR;
				CLANG_WARN_DOCUMENTATION_COMMENTS = YES;
				CLANG_WARN_EMPTY_BODY = YES;
				CLANG_WARN_ENUM_CONVERSION = YES;
				CLANG_WARN_INFINITE_RECURSION = YES;
				CLANG_WARN_INT_CONVERSION = YES;
				CLANG_WARN_NON_LITERAL_NULL_CONVERSION = YES;
				CLANG_WARN_OBJC_IMPLICIT_RETAIN_SELF = YES;
				CLANG_WARN_OBJC_LITERAL_CONVERSION = YES;
				CLANG_WARN_OBJC_ROOT_CLASS = YES_ERROR;
				CLANG_WARN_RANGE_LOOP_ANALYSIS = YES;
				CLANG_WARN_STRICT_PROTOTYPES = YES;
				CLANG_WARN_SUSPICIOUS_MOVE = YES;
				CLANG_WARN_UNGUARDED_AVAILABILITY = YES_AGGRESSIVE;
				CLANG_WARN_UNREACHABLE_CODE = YES;
				CLANG_WARN__DUPLICATE_METHOD_MATCH = YES;
				CODE_SIGN_IDENTITY = "iPhone Developer";
				COPY_PHASE_STRIP = NO;
				DEBUG_INFORMATION_FORMAT = "dwarf-with-dsym";
				ENABLE_NS_ASSERTIONS = NO;
				ENABLE_STRICT_OBJC_MSGSEND = YES;
				GCC_C_LANGUAGE_STANDARD = gnu11;
				GCC_NO_COMMON_BLOCKS = YES;
				GCC_WARN_64_TO_32_BIT_CONVERSION = YES;
				GCC_WARN_ABOUT_RETURN_TYPE = YES_ERROR;
				GCC_WARN_UNDECLARED_SELECTOR = YES;
				GCC_WARN_UNINITIALIZED_AUTOS = YES_AGGRESSIVE;
				GCC_WARN_UNUSED_FUNCTION = YES;
				GCC_WARN_UNUSED_VARIABLE = YES;
				IPHONEOS_DEPLOYMENT_TARGET = 12.1;
				MTL_ENABLE_DEBUG_INFO = NO;
				MTL_FAST_MATH = YES;
				SDKROOT = iphoneos;
				VALIDATE_PRODUCT = YES;
			};
			name = Release;
		};
		1960D2D22304F94F00A04E86 /* Debug */ = {
			isa = XCBuildConfiguration;
			baseConfigurationReference = 39830BDDD09BAA0D59F40648 /* Pods-STOMPWebsocketKit.debug.xcconfig */;
			buildSettings = {
				ASSETCATALOG_COMPILER_APPICON_NAME = AppIcon;
				CODE_SIGN_STYLE = Automatic;
				DEVELOPMENT_TEAM = 63S88Z2GR6;
				GCC_PREFIX_HEADER = "$(SRCROOT)/STOMPWebsocketKit/Info/ACPrefixHeader.h";
				INFOPLIST_FILE = STOMPWebsocketKit/Info/Info.plist;
				LD_RUNPATH_SEARCH_PATHS = (
					"$(inherited)",
					"@executable_path/Frameworks",
				);
				PRODUCT_BUNDLE_IDENTIFIER = com.AlexCorloeone.com.STOMPWebsocketKit;
				PRODUCT_NAME = "$(TARGET_NAME)";
				TARGETED_DEVICE_FAMILY = "1,2";
			};
			name = Debug;
		};
		1960D2D32304F94F00A04E86 /* Release */ = {
			isa = XCBuildConfiguration;
			baseConfigurationReference = 4B978D1E6287CFEA13692A73 /* Pods-STOMPWebsocketKit.release.xcconfig */;
			buildSettings = {
				ASSETCATALOG_COMPILER_APPICON_NAME = AppIcon;
				CODE_SIGN_STYLE = Automatic;
				DEVELOPMENT_TEAM = 63S88Z2GR6;
				GCC_PREFIX_HEADER = "$(SRCROOT)/STOMPWebsocketKit/Info/ACPrefixHeader.h";
				INFOPLIST_FILE = STOMPWebsocketKit/Info/Info.plist;
				LD_RUNPATH_SEARCH_PATHS = (
					"$(inherited)",
					"@executable_path/Frameworks",
				);
				PRODUCT_BUNDLE_IDENTIFIER = com.AlexCorloeone.com.STOMPWebsocketKit;
				PRODUCT_NAME = "$(TARGET_NAME)";
				TARGETED_DEVICE_FAMILY = "1,2";
			};
			name = Release;
		};
/* End XCBuildConfiguration section */

/* Begin XCConfigurationList section */
		1960D2B62304F93F00A04E86 /* Build configuration list for PBXProject "STOMPWebsocketKit" */ = {
			isa = XCConfigurationList;
			buildConfigurations = (
				1960D2CF2304F94F00A04E86 /* Debug */,
				1960D2D02304F94F00A04E86 /* Release */,
			);
			defaultConfigurationIsVisible = 0;
			defaultConfigurationName = Release;
		};
		1960D2D12304F94F00A04E86 /* Build configuration list for PBXNativeTarget "STOMPWebsocketKit" */ = {
			isa = XCConfigurationList;
			buildConfigurations = (
				1960D2D22304F94F00A04E86 /* Debug */,
				1960D2D32304F94F00A04E86 /* Release */,
			);
			defaultConfigurationIsVisible = 0;
			defaultConfigurationName = Release;
		};
/* End XCConfigurationList section */
	};
	rootObject = 1960D2B32304F93F00A04E86 /* Project object */;
}
